// !$*UTF8*$!
{
	archiveVersion = 1;
	classes = {
	};
	objectVersion = 50;
	objects = {

/* Begin PBXBuildFile section */
		2CC299B422E86067005B4C54 /* AppDelegate.swift in Sources */ = {isa = PBXBuildFile; fileRef = 2CC299B322E86067005B4C54 /* AppDelegate.swift */; };
		2CC299B922E86067005B4C54 /* Main.storyboard in Resources */ = {isa = PBXBuildFile; fileRef = 2CC299B722E86067005B4C54 /* Main.storyboard */; };
		2CC299BB22E86067005B4C54 /* Assets.xcassets in Resources */ = {isa = PBXBuildFile; fileRef = 2CC299BA22E86067005B4C54 /* Assets.xcassets */; };
		2CC299BE22E86067005B4C54 /* LaunchScreen.storyboard in Resources */ = {isa = PBXBuildFile; fileRef = 2CC299BC22E86067005B4C54 /* LaunchScreen.storyboard */; };
		2CC299C922E864BD005B4C54 /* TableViewControllerTopic.swift in Sources */ = {isa = PBXBuildFile; fileRef = 2CC299C822E864BD005B4C54 /* TableViewControllerTopic.swift */; };
		2CC299CB22E864D0005B4C54 /* TableViewCellTopic.swift in Sources */ = {isa = PBXBuildFile; fileRef = 2CC299CA22E864D0005B4C54 /* TableViewCellTopic.swift */; };
		2CC299CE22E8657B005B4C54 /* AppData.swift in Sources */ = {isa = PBXBuildFile; fileRef = 2CC299CD22E8657B005B4C54 /* AppData.swift */; };
		2CC299D022E866EF005B4C54 /* TopicDao.swift in Sources */ = {isa = PBXBuildFile; fileRef = 2CC299CF22E866EF005B4C54 /* TopicDao.swift */; };
		2CC299D222E884CA005B4C54 /* TopicFormViewController.swift in Sources */ = {isa = PBXBuildFile; fileRef = 2CC299D122E884CA005B4C54 /* TopicFormViewController.swift */; };
		2CC299D522E8933C005B4C54 /* TableView+Extension.swift in Sources */ = {isa = PBXBuildFile; fileRef = 2CC299D422E8933C005B4C54 /* TableView+Extension.swift */; };
		2CC299EB22E8A354005B4C54 /* Test.swift in Sources */ = {isa = PBXBuildFile; fileRef = 2CC299EA22E8A354005B4C54 /* Test.swift */; };
/* End PBXBuildFile section */

/* Begin PBXContainerItemProxy section */
		2CC299ED22E8A354005B4C54 /* PBXContainerItemProxy */ = {
			isa = PBXContainerItemProxy;
			containerPortal = 2CC299A822E86066005B4C54 /* Project object */;
			proxyType = 1;
			remoteGlobalIDString = 2CC299AF22E86067005B4C54;
			remoteInfo = "coding-challenge";
		};
/* End PBXContainerItemProxy section */

/* Begin PBXFileReference section */
		2CC299B022E86067005B4C54 /* coding-challenge.app */ = {isa = PBXFileReference; explicitFileType = wrapper.application; includeInIndex = 0; path = "coding-challenge.app"; sourceTree = BUILT_PRODUCTS_DIR; };
		2CC299B322E86067005B4C54 /* AppDelegate.swift */ = {isa = PBXFileReference; lastKnownFileType = sourcecode.swift; path = AppDelegate.swift; sourceTree = "<group>"; };
		2CC299B822E86067005B4C54 /* Base */ = {isa = PBXFileReference; lastKnownFileType = file.storyboard; name = Base; path = Base.lproj/Main.storyboard; sourceTree = "<group>"; };
		2CC299BA22E86067005B4C54 /* Assets.xcassets */ = {isa = PBXFileReference; lastKnownFileType = folder.assetcatalog; path = Assets.xcassets; sourceTree = "<group>"; };
		2CC299BD22E86067005B4C54 /* Base */ = {isa = PBXFileReference; lastKnownFileType = file.storyboard; name = Base; path = Base.lproj/LaunchScreen.storyboard; sourceTree = "<group>"; };
		2CC299BF22E86067005B4C54 /* Info.plist */ = {isa = PBXFileReference; lastKnownFileType = text.plist.xml; path = Info.plist; sourceTree = "<group>"; };
		2CC299C822E864BD005B4C54 /* TableViewControllerTopic.swift */ = {isa = PBXFileReference; lastKnownFileType = sourcecode.swift; path = TableViewControllerTopic.swift; sourceTree = "<group>"; };
		2CC299CA22E864D0005B4C54 /* TableViewCellTopic.swift */ = {isa = PBXFileReference; lastKnownFileType = sourcecode.swift; path = TableViewCellTopic.swift; sourceTree = "<group>"; };
		2CC299CD22E8657B005B4C54 /* AppData.swift */ = {isa = PBXFileReference; lastKnownFileType = sourcecode.swift; path = AppData.swift; sourceTree = "<group>"; };
		2CC299CF22E866EF005B4C54 /* TopicDao.swift */ = {isa = PBXFileReference; lastKnownFileType = sourcecode.swift; path = TopicDao.swift; sourceTree = "<group>"; };
		2CC299D122E884CA005B4C54 /* TopicFormViewController.swift */ = {isa = PBXFileReference; lastKnownFileType = sourcecode.swift; path = TopicFormViewController.swift; sourceTree = "<group>"; };
		2CC299D422E8933C005B4C54 /* TableView+Extension.swift */ = {isa = PBXFileReference; lastKnownFileType = sourcecode.swift; path = "TableView+Extension.swift"; sourceTree = "<group>"; };
		2CC299DC22E8A239005B4C54 /* SimpleText.swift */ = {isa = PBXFileReference; lastKnownFileType = sourcecode.swift; path = SimpleText.swift; sourceTree = "<group>"; };
		2CC299DE22E8A239005B4C54 /* Info.plist */ = {isa = PBXFileReference; lastKnownFileType = text.plist.xml; path = Info.plist; sourceTree = "<group>"; };
		2CC299E822E8A354005B4C54 /* Test.xctest */ = {isa = PBXFileReference; explicitFileType = wrapper.cfbundle; includeInIndex = 0; path = Test.xctest; sourceTree = BUILT_PRODUCTS_DIR; };
		2CC299EA22E8A354005B4C54 /* Test.swift */ = {isa = PBXFileReference; lastKnownFileType = sourcecode.swift; path = Test.swift; sourceTree = "<group>"; };
		2CC299EC22E8A354005B4C54 /* Info.plist */ = {isa = PBXFileReference; lastKnownFileType = text.plist.xml; path = Info.plist; sourceTree = "<group>"; };
/* End PBXFileReference section */

/* Begin PBXFrameworksBuildPhase section */
		2CC299AD22E86067005B4C54 /* Frameworks */ = {
			isa = PBXFrameworksBuildPhase;
			buildActionMask = 2147483647;
			files = (
			);
			runOnlyForDeploymentPostprocessing = 0;
		};
		2CC299E522E8A354005B4C54 /* Frameworks */ = {
			isa = PBXFrameworksBuildPhase;
			buildActionMask = 2147483647;
			files = (
			);
			runOnlyForDeploymentPostprocessing = 0;
		};
/* End PBXFrameworksBuildPhase section */

/* Begin PBXGroup section */
		2CC299A722E86066005B4C54 = {
			isa = PBXGroup;
			children = (
				2CC299B222E86067005B4C54 /* coding-challenge */,
				2CC299DB22E8A239005B4C54 /* SimpleText */,
				2CC299E922E8A354005B4C54 /* Test */,
				2CC299B122E86067005B4C54 /* Products */,
			);
			sourceTree = "<group>";
		};
		2CC299B122E86067005B4C54 /* Products */ = {
			isa = PBXGroup;
			children = (
				2CC299B022E86067005B4C54 /* coding-challenge.app */,
				2CC299E822E8A354005B4C54 /* Test.xctest */,
			);
			name = Products;
			sourceTree = "<group>";
		};
		2CC299B222E86067005B4C54 /* coding-challenge */ = {
			isa = PBXGroup;
			children = (
				2CC299D322E892E7005B4C54 /* Extensions */,
				2CC299CC22E8656A005B4C54 /* Data */,
				2CC299C522E862FC005B4C54 /* UI */,
				2CC299B322E86067005B4C54 /* AppDelegate.swift */,
				2CC299B722E86067005B4C54 /* Main.storyboard */,
				2CC299BA22E86067005B4C54 /* Assets.xcassets */,
				2CC299BC22E86067005B4C54 /* LaunchScreen.storyboard */,
				2CC299BF22E86067005B4C54 /* Info.plist */,
			);
			path = "coding-challenge";
			sourceTree = "<group>";
		};
		2CC299C522E862FC005B4C54 /* UI */ = {
			isa = PBXGroup;
			children = (
				2CC299D122E884CA005B4C54 /* TopicFormViewController.swift */,
				2CC299C822E864BD005B4C54 /* TableViewControllerTopic.swift */,
				2CC299CA22E864D0005B4C54 /* TableViewCellTopic.swift */,
			);
			path = UI;
			sourceTree = "<group>";
		};
		2CC299CC22E8656A005B4C54 /* Data */ = {
			isa = PBXGroup;
			children = (
				2CC299CD22E8657B005B4C54 /* AppData.swift */,
				2CC299CF22E866EF005B4C54 /* TopicDao.swift */,
			);
			path = Data;
			sourceTree = "<group>";
		};
		2CC299D322E892E7005B4C54 /* Extensions */ = {
			isa = PBXGroup;
			children = (
				2CC299D422E8933C005B4C54 /* TableView+Extension.swift */,
			);
			path = Extensions;
			sourceTree = "<group>";
		};
		2CC299DB22E8A239005B4C54 /* SimpleText */ = {
			isa = PBXGroup;
			children = (
				2CC299DC22E8A239005B4C54 /* SimpleText.swift */,
				2CC299DE22E8A239005B4C54 /* Info.plist */,
			);
			path = SimpleText;
			sourceTree = "<group>";
		};
		2CC299E922E8A354005B4C54 /* Test */ = {
			isa = PBXGroup;
			children = (
				2CC299EA22E8A354005B4C54 /* Test.swift */,
				2CC299EC22E8A354005B4C54 /* Info.plist */,
			);
			path = Test;
			sourceTree = "<group>";
		};
/* End PBXGroup section */

/* Begin PBXNativeTarget section */
		2CC299AF22E86067005B4C54 /* coding-challenge */ = {
			isa = PBXNativeTarget;
			buildConfigurationList = 2CC299C222E86067005B4C54 /* Build configuration list for PBXNativeTarget "coding-challenge" */;
			buildPhases = (
				2CC299AC22E86067005B4C54 /* Sources */,
				2CC299AD22E86067005B4C54 /* Frameworks */,
				2CC299AE22E86067005B4C54 /* Resources */,
			);
			buildRules = (
			);
			dependencies = (
			);
			name = "coding-challenge";
			productName = "coding-challenge";
			productReference = 2CC299B022E86067005B4C54 /* coding-challenge.app */;
			productType = "com.apple.product-type.application";
		};
		2CC299E722E8A354005B4C54 /* Test */ = {
			isa = PBXNativeTarget;
			buildConfigurationList = 2CC299EF22E8A354005B4C54 /* Build configuration list for PBXNativeTarget "Test" */;
			buildPhases = (
				2CC299E422E8A354005B4C54 /* Sources */,
				2CC299E522E8A354005B4C54 /* Frameworks */,
				2CC299E622E8A354005B4C54 /* Resources */,
			);
			buildRules = (
			);
			dependencies = (
				2CC299EE22E8A354005B4C54 /* PBXTargetDependency */,
			);
			name = Test;
			productName = Test;
			productReference = 2CC299E822E8A354005B4C54 /* Test.xctest */;
			productType = "com.apple.product-type.bundle.unit-test";
		};
/* End PBXNativeTarget section */

/* Begin PBXProject section */
		2CC299A822E86066005B4C54 /* Project object */ = {
			isa = PBXProject;
			attributes = {
				LastSwiftUpdateCheck = 1020;
				LastUpgradeCheck = 1020;
				ORGANIZATIONNAME = "Law Chin yeow";
				TargetAttributes = {
					2CC299AF22E86067005B4C54 = {
						CreatedOnToolsVersion = 10.2.1;
					};
					2CC299E722E8A354005B4C54 = {
						CreatedOnToolsVersion = 10.2.1;
						TestTargetID = 2CC299AF22E86067005B4C54;
					};
				};
			};
			buildConfigurationList = 2CC299AB22E86066005B4C54 /* Build configuration list for PBXProject "coding-challenge" */;
			compatibilityVersion = "Xcode 9.3";
			developmentRegion = en;
			hasScannedForEncodings = 0;
			knownRegions = (
				en,
				Base,
			);
			mainGroup = 2CC299A722E86066005B4C54;
			productRefGroup = 2CC299B122E86067005B4C54 /* Products */;
			projectDirPath = "";
			projectRoot = "";
			targets = (
				2CC299AF22E86067005B4C54 /* coding-challenge */,
				2CC299E722E8A354005B4C54 /* Test */,
			);
		};
/* End PBXProject section */

/* Begin PBXResourcesBuildPhase section */
		2CC299AE22E86067005B4C54 /* Resources */ = {
			isa = PBXResourcesBuildPhase;
			buildActionMask = 2147483647;
			files = (
				2CC299BE22E86067005B4C54 /* LaunchScreen.storyboard in Resources */,
				2CC299BB22E86067005B4C54 /* Assets.xcassets in Resources */,
				2CC299B922E86067005B4C54 /* Main.storyboard in Resources */,
			);
			runOnlyForDeploymentPostprocessing = 0;
		};
		2CC299E622E8A354005B4C54 /* Resources */ = {
			isa = PBXResourcesBuildPhase;
			buildActionMask = 2147483647;
			files = (
			);
			runOnlyForDeploymentPostprocessing = 0;
		};
/* End PBXResourcesBuildPhase section */

/* Begin PBXSourcesBuildPhase section */
		2CC299AC22E86067005B4C54 /* Sources */ = {
			isa = PBXSourcesBuildPhase;
			buildActionMask = 2147483647;
			files = (
				2CC299B422E86067005B4C54 /* AppDelegate.swift in Sources */,
				2CC299D022E866EF005B4C54 /* TopicDao.swift in Sources */,
				2CC299D222E884CA005B4C54 /* TopicFormViewController.swift in Sources */,
				2CC299CE22E8657B005B4C54 /* AppData.swift in Sources */,
				2CC299D522E8933C005B4C54 /* TableView+Extension.swift in Sources */,
				2CC299C922E864BD005B4C54 /* TableViewControllerTopic.swift in Sources */,
				2CC299CB22E864D0005B4C54 /* TableViewCellTopic.swift in Sources */,
			);
			runOnlyForDeploymentPostprocessing = 0;
		};
		2CC299E422E8A354005B4C54 /* Sources */ = {
			isa = PBXSourcesBuildPhase;
			buildActionMask = 2147483647;
			files = (
				2CC299EB22E8A354005B4C54 /* Test.swift in Sources */,
			);
			runOnlyForDeploymentPostprocessing = 0;
		};
/* End PBXSourcesBuildPhase section */

/* Begin PBXTargetDependency section */
		2CC299EE22E8A354005B4C54 /* PBXTargetDependency */ = {
			isa = PBXTargetDependency;
			target = 2CC299AF22E86067005B4C54 /* coding-challenge */;
			targetProxy = 2CC299ED22E8A354005B4C54 /* PBXContainerItemProxy */;
		};
/* End PBXTargetDependency section */

/* Begin PBXVariantGroup section */
		2CC299B722E86067005B4C54 /* Main.storyboard */ = {
			isa = PBXVariantGroup;
			children = (
				2CC299B822E86067005B4C54 /* Base */,
			);
			name = Main.storyboard;
			sourceTree = "<group>";
		};
		2CC299BC22E86067005B4C54 /* LaunchScreen.storyboard */ = {
			isa = PBXVariantGroup;
			children = (
				2CC299BD22E86067005B4C54 /* Base */,
			);
			name = LaunchScreen.storyboard;
			sourceTree = "<group>";
		};
/* End PBXVariantGroup section */

/* Begin XCBuildConfiguration section */
		2CC299C022E86067005B4C54 /* Debug */ = {
			isa = XCBuildConfiguration;
			buildSettings = {
				ALWAYS_SEARCH_USER_PATHS = NO;
				CLANG_ANALYZER_NONNULL = YES;
				CLANG_ANALYZER_NUMBER_OBJECT_CONVERSION = YES_AGGRESSIVE;
				CLANG_CXX_LANGUAGE_STANDARD = "gnu++14";
				CLANG_CXX_LIBRARY = "libc++";
				CLANG_ENABLE_MODULES = YES;
				CLANG_ENABLE_OBJC_ARC = YES;
				CLANG_ENABLE_OBJC_WEAK = YES;
				CLANG_WARN_BLOCK_CAPTURE_AUTORELEASING = YES;
				CLANG_WARN_BOOL_CONVERSION = YES;
				CLANG_WARN_COMMA = YES;
				CLANG_WARN_CONSTANT_CONVERSION = YES;
				CLANG_WARN_DEPRECATED_OBJC_IMPLEMENTATIONS = YES;
				CLANG_WARN_DIRECT_OBJC_ISA_USAGE = YES_ERROR;
				CLANG_WARN_DOCUMENTATION_COMMENTS = YES;
				CLANG_WARN_EMPTY_BODY = YES;
				CLANG_WARN_ENUM_CONVERSION = YES;
				CLANG_WARN_INFINITE_RECURSION = YES;
				CLANG_WARN_INT_CONVERSION = YES;
				CLANG_WARN_NON_LITERAL_NULL_CONVERSION = YES;
				CLANG_WARN_OBJC_IMPLICIT_RETAIN_SELF = YES;
				CLANG_WARN_OBJC_LITERAL_CONVERSION = YES;
				CLANG_WARN_OBJC_ROOT_CLASS = YES_ERROR;
				CLANG_WARN_RANGE_LOOP_ANALYSIS = YES;
				CLANG_WARN_STRICT_PROTOTYPES = YES;
				CLANG_WARN_SUSPICIOUS_MOVE = YES;
				CLANG_WARN_UNGUARDED_AVAILABILITY = YES_AGGRESSIVE;
				CLANG_WARN_UNREACHABLE_CODE = YES;
				CLANG_WARN__DUPLICATE_METHOD_MATCH = YES;
				CODE_SIGN_IDENTITY = "iPhone Developer";
				COPY_PHASE_STRIP = NO;
				DEBUG_INFORMATION_FORMAT = dwarf;
				ENABLE_STRICT_OBJC_MSGSEND = YES;
				ENABLE_TESTABILITY = YES;
				GCC_C_LANGUAGE_STANDARD = gnu11;
				GCC_DYNAMIC_NO_PIC = NO;
				GCC_NO_COMMON_BLOCKS = YES;
				GCC_OPTIMIZATION_LEVEL = 0;
				GCC_PREPROCESSOR_DEFINITIONS = (
					"DEBUG=1",
					"$(inherited)",
				);
				GCC_WARN_64_TO_32_BIT_CONVERSION = YES;
				GCC_WARN_ABOUT_RETURN_TYPE = YES_ERROR;
				GCC_WARN_UNDECLARED_SELECTOR = YES;
				GCC_WARN_UNINITIALIZED_AUTOS = YES_AGGRESSIVE;
				GCC_WARN_UNUSED_FUNCTION = YES;
				GCC_WARN_UNUSED_VARIABLE = YES;
				IPHONEOS_DEPLOYMENT_TARGET = 12.2;
				MTL_ENABLE_DEBUG_INFO = INCLUDE_SOURCE;
				MTL_FAST_MATH = YES;
				ONLY_ACTIVE_ARCH = YES;
				SDKROOT = iphoneos;
				SWIFT_ACTIVE_COMPILATION_CONDITIONS = DEBUG;
				SWIFT_OPTIMIZATION_LEVEL = "-Onone";
			};
			name = Debug;
		};
		2CC299C122E86067005B4C54 /* Release */ = {
			isa = XCBuildConfiguration;
			buildSettings = {
				ALWAYS_SEARCH_USER_PATHS = NO;
				CLANG_ANALYZER_NONNULL = YES;
				CLANG_ANALYZER_NUMBER_OBJECT_CONVERSION = YES_AGGRESSIVE;
				CLANG_CXX_LANGUAGE_STANDARD = "gnu++14";
				CLANG_CXX_LIBRARY = "libc++";
				CLANG_ENABLE_MODULES = YES;
				CLANG_ENABLE_OBJC_ARC = YES;
				CLANG_ENABLE_OBJC_WEAK = YES;
				CLANG_WARN_BLOCK_CAPTURE_AUTORELEASING = YES;
				CLANG_WARN_BOOL_CONVERSION = YES;
				CLANG_WARN_COMMA = YES;
				CLANG_WARN_CONSTANT_CONVERSION = YES;
				CLANG_WARN_DEPRECATED_OBJC_IMPLEMENTATIONS = YES;
				CLANG_WARN_DIRECT_OBJC_ISA_USAGE = YES_ERROR;
				CLANG_WARN_DOCUMENTATION_COMMENTS = YES;
				CLANG_WARN_EMPTY_BODY = YES;
				CLANG_WARN_ENUM_CONVERSION = YES;
				CLANG_WARN_INFINITE_RECURSION = YES;
				CLANG_WARN_INT_CONVERSION = YES;
				CLANG_WARN_NON_LITERAL_NULL_CONVERSION = YES;
				CLANG_WARN_OBJC_IMPLICIT_RETAIN_SELF = YES;
				CLANG_WARN_OBJC_LITERAL_CONVERSION = YES;
				CLANG_WARN_OBJC_ROOT_CLASS = YES_ERROR;
				CLANG_WARN_RANGE_LOOP_ANALYSIS = YES;
				CLANG_WARN_STRICT_PROTOTYPES = YES;
				CLANG_WARN_SUSPICIOUS_MOVE = YES;
				CLANG_WARN_UNGUARDED_AVAILABILITY = YES_AGGRESSIVE;
				CLANG_WARN_UNREACHABLE_CODE = YES;
				CLANG_WARN__DUPLICATE_METHOD_MATCH = YES;
				CODE_SIGN_IDENTITY = "iPhone Developer";
				COPY_PHASE_STRIP = NO;
				DEBUG_INFORMATION_FORMAT = "dwarf-with-dsym";
				ENABLE_NS_ASSERTIONS = NO;
				ENABLE_STRICT_OBJC_MSGSEND = YES;
				GCC_C_LANGUAGE_STANDARD = gnu11;
				GCC_NO_COMMON_BLOCKS = YES;
				GCC_WARN_64_TO_32_BIT_CONVERSION = YES;
				GCC_WARN_ABOUT_RETURN_TYPE = YES_ERROR;
				GCC_WARN_UNDECLARED_SELECTOR = YES;
				GCC_WARN_UNINITIALIZED_AUTOS = YES_AGGRESSIVE;
				GCC_WARN_UNUSED_FUNCTION = YES;
				GCC_WARN_UNUSED_VARIABLE = YES;
				IPHONEOS_DEPLOYMENT_TARGET = 12.2;
				MTL_ENABLE_DEBUG_INFO = NO;
				MTL_FAST_MATH = YES;
				SDKROOT = iphoneos;
				SWIFT_COMPILATION_MODE = wholemodule;
				SWIFT_OPTIMIZATION_LEVEL = "-O";
				VALIDATE_PRODUCT = YES;
			};
			name = Release;
		};
		2CC299C322E86067005B4C54 /* Debug */ = {
			isa = XCBuildConfiguration;
			buildSettings = {
				ASSETCATALOG_COMPILER_APPICON_NAME = AppIcon;
				CODE_SIGN_STYLE = Automatic;
				INFOPLIST_FILE = "coding-challenge/Info.plist";
				LD_RUNPATH_SEARCH_PATHS = (
					"$(inherited)",
					"@executable_path/Frameworks",
				);
				PRODUCT_BUNDLE_IDENTIFIER = "com.chinyeow.coding-challenge";
				PRODUCT_NAME = "$(TARGET_NAME)";
				SWIFT_VERSION = 5.0;
				TARGETED_DEVICE_FAMILY = "1,2";
			};
			name = Debug;
		};
		2CC299C422E86067005B4C54 /* Release */ = {
			isa = XCBuildConfiguration;
			buildSettings = {
				ASSETCATALOG_COMPILER_APPICON_NAME = AppIcon;
				CODE_SIGN_STYLE = Automatic;
				INFOPLIST_FILE = "coding-challenge/Info.plist";
				LD_RUNPATH_SEARCH_PATHS = (
					"$(inherited)",
					"@executable_path/Frameworks",
				);
				PRODUCT_BUNDLE_IDENTIFIER = "com.chinyeow.coding-challenge";
				PRODUCT_NAME = "$(TARGET_NAME)";
				SWIFT_VERSION = 5.0;
				TARGETED_DEVICE_FAMILY = "1,2";
			};
			name = Release;
		};
		2CC299F022E8A354005B4C54 /* Debug */ = {
			isa = XCBuildConfiguration;
			buildSettings = {
				BUNDLE_LOADER = "$(TEST_HOST)";
				CODE_SIGN_STYLE = Automatic;
				INFOPLIST_FILE = Test/Info.plist;
				LD_RUNPATH_SEARCH_PATHS = (
					"$(inherited)",
					"@executable_path/Frameworks",
					"@loader_path/Frameworks",
				);
				PRODUCT_BUNDLE_IDENTIFIER = com.chinyeow.Test;
				PRODUCT_NAME = "$(TARGET_NAME)";
				SWIFT_VERSION = 5.0;
				TARGETED_DEVICE_FAMILY = "1,2";
				TEST_HOST = "$(BUILT_PRODUCTS_DIR)/coding-challenge.app/coding-challenge";
			};
			name = Debug;
		};
		2CC299F122E8A354005B4C54 /* Release */ = {
			isa = XCBuildConfiguration;
			buildSettings = {
				BUNDLE_LOADER = "$(TEST_HOST)";
				CODE_SIGN_STYLE = Automatic;
				INFOPLIST_FILE = Test/Info.plist;
				LD_RUNPATH_SEARCH_PATHS = (
					"$(inherited)",
					"@executable_path/Frameworks",
					"@loader_path/Frameworks",
				);
				PRODUCT_BUNDLE_IDENTIFIER = com.chinyeow.Test;
				PRODUCT_NAME = "$(TARGET_NAME)";
				SWIFT_VERSION = 5.0;
				TARGETED_DEVICE_FAMILY = "1,2";
				TEST_HOST = "$(BUILT_PRODUCTS_DIR)/coding-challenge.app/coding-challenge";
			};
			name = Release;
		};
/* End XCBuildConfiguration section */

/* Begin XCConfigurationList section */
		2CC299AB22E86066005B4C54 /* Build configuration list for PBXProject "coding-challenge" */ = {
			isa = XCConfigurationList;
			buildConfigurations = (
				2CC299C022E86067005B4C54 /* Debug */,
				2CC299C122E86067005B4C54 /* Release */,
			);
			defaultConfigurationIsVisible = 0;
			defaultConfigurationName = Release;
		};
		2CC299C222E86067005B4C54 /* Build configuration list for PBXNativeTarget "coding-challenge" */ = {
			isa = XCConfigurationList;
			buildConfigurations = (
				2CC299C322E86067005B4C54 /* Debug */,
				2CC299C422E86067005B4C54 /* Release */,
			);
			defaultConfigurationIsVisible = 0;
			defaultConfigurationName = Release;
		};
		2CC299EF22E8A354005B4C54 /* Build configuration list for PBXNativeTarget "Test" */ = {
			isa = XCConfigurationList;
			buildConfigurations = (
				2CC299F022E8A354005B4C54 /* Debug */,
				2CC299F122E8A354005B4C54 /* Release */,
			);
			defaultConfigurationIsVisible = 0;
			defaultConfigurationName = Release;
		};
/* End XCConfigurationList section */
	};
	rootObject = 2CC299A822E86066005B4C54 /* Project object */;
}
